
Microsoft Visual Studio Solution File, Format Version 12.00
# Visual Studio 15
VisualStudioVersion = 15.0.27703.2000
MinimumVisualStudioVersion = 10.0.40219.1
Project("{FAE04EC0-301F-11D3-BF4B-00C04F79EFBC}") = "FillDownload", "FillDownload\FillDownload.csproj", "{E7ABBE3D-6DC6-4444-8B3F-2379B7766747}"
EndProject
Global
	GlobalSection(SolutionConfigurationPlatforms) = preSolution
		Debug|Any CPU = Debug|Any CPU
		Release|Any CPU = Release|Any CPU
	EndGlobalSection
	GlobalSection(ProjectConfigurationPlatforms) = postSolution
		{E7ABBE3D-6DC6-4444-8B3F-2379B7766747}.Debug|Any CPU.ActiveCfg = Debug|Any CPU
		{E7ABBE3D-6DC6-4444-8B3F-2379B7766747}.Debug|Any CPU.Build.0 = Debug|Any CPU
		{E7ABBE3D-6DC6-4444-8B3F-2379B7766747}.Release|Any CPU.ActiveCfg = Release|Any CPU
		{E7ABBE3D-6DC6-4444-8B3F-2379B7766747}.Release|Any CPU.Build.0 = Release|Any CPU
	EndGlobalSection
	GlobalSection(SolutionProperties) = preSolution
		HideSolutionNode = FALSE
	EndGlobalSection
	GlobalSection(ExtensibilityGlobals) = postSolution
		SolutionGuid = {0EE38E2C-7EC6-4D5E-A77B-39D244581003}
	EndGlobalSection
EndGlobal
